
Microsoft Visual Studio Solution File, Format Version 12.00
# Visual Studio Version 17
VisualStudioVersion = 17.2.32516.85
MinimumVisualStudioVersion = 10.0.40219.1
Project("{FAE04EC0-301F-11D3-BF4B-00C04F79EFBC}") = "GenerateDocument", "GenerateDocument\GenerateDocument.csproj", "{C5555171-2989-4538-92B2-D7781846AD3A}"
EndProject
Global
	GlobalSection(SolutionConfigurationPlatforms) = preSolution
		Debug|Any CPU = Debug|Any CPU
		Release|Any CPU = Release|Any CPU
	EndGlobalSection
	GlobalSection(ProjectConfigurationPlatforms) = postSolution
		{C5555171-2989-4538-92B2-D7781846AD3A}.Debug|Any CPU.ActiveCfg = Debug|Any CPU
		{C5555171-2989-4538-92B2-D7781846AD3A}.Debug|Any CPU.Build.0 = Debug|Any CPU
		{C5555171-2989-4538-92B2-D7781846AD3A}.Release|Any CPU.ActiveCfg = Release|Any CPU
		{C5555171-2989-4538-92B2-D7781846AD3A}.Release|Any CPU.Build.0 = Release|Any CPU
	EndGlobalSection
	GlobalSection(SolutionProperties) = preSolution
		HideSolutionNode = FALSE
	EndGlobalSection
	GlobalSection(ExtensibilityGlobals) = postSolution
		SolutionGuid = {883B323C-4BE5-4623-8C9E-A9CAD789F4C1}
	EndGlobalSection
EndGlobal
